
Microsoft Visual Studio Solution File, Format Version 12.00
# Visual Studio Version 17
VisualStudioVersion = 17.2.32630.192
MinimumVisualStudioVersion = 10.0.40219.1
Project("{FAE04EC0-301F-11D3-BF4B-00C04F79EFBC}") = "Traceability_Simu", "Traceability_Simu.csproj", "{9C8D64AF-9886-491A-A9CD-0DDD4715293A}"
EndProject
Global
	GlobalSection(SolutionConfigurationPlatforms) = preSolution
		Debug|Any CPU = Debug|Any CPU
		Release|Any CPU = Release|Any CPU
	EndGlobalSection
	GlobalSection(ProjectConfigurationPlatforms) = postSolution
		{9C8D64AF-9886-491A-A9CD-0DDD4715293A}.Debug|Any CPU.ActiveCfg = Debug|Any CPU
		{9C8D64AF-9886-491A-A9CD-0DDD4715293A}.Debug|Any CPU.Build.0 = Debug|Any CPU
		{9C8D64AF-9886-491A-A9CD-0DDD4715293A}.Release|Any CPU.ActiveCfg = Release|Any CPU
		{9C8D64AF-9886-491A-A9CD-0DDD4715293A}.Release|Any CPU.Build.0 = Release|Any CPU
	EndGlobalSection
	GlobalSection(SolutionProperties) = preSolution
		HideSolutionNode = FALSE
	EndGlobalSection
	GlobalSection(ExtensibilityGlobals) = postSolution
		SolutionGuid = {6033D4E3-E75D-440D-BE8B-C2122AF0BF36}
	EndGlobalSection
EndGlobal
